
Microsoft Visual Studio Solution File, Format Version 12.00
# Visual Studio Version 16
VisualStudioVersion = 16.0.32126.315
MinimumVisualStudioVersion = 10.0.40219.1
Project("{FAE04EC0-301F-11D3-BF4B-00C04F79EFBC}") = "GoiWebAPI", "GoiWebAPI.csproj", "{27D86896-FB81-47BC-B788-412DA8A74FD0}"
EndProject
Global
	GlobalSection(SolutionConfigurationPlatforms) = preSolution
		Debug|Any CPU = Debug|Any CPU
		Release|Any CPU = Release|Any CPU
	EndGlobalSection
	GlobalSection(ProjectConfigurationPlatforms) = postSolution
		{27D86896-FB81-47BC-B788-412DA8A74FD0}.Debug|Any CPU.ActiveCfg = Debug|Any CPU
		{27D86896-FB81-47BC-B788-412DA8A74FD0}.Debug|Any CPU.Build.0 = Debug|Any CPU
		{27D86896-FB81-47BC-B788-412DA8A74FD0}.Release|Any CPU.ActiveCfg = Release|Any CPU
		{27D86896-FB81-47BC-B788-412DA8A74FD0}.Release|Any CPU.Build.0 = Release|Any CPU
	EndGlobalSection
	GlobalSection(SolutionProperties) = preSolution
		HideSolutionNode = FALSE
	EndGlobalSection
	GlobalSection(ExtensibilityGlobals) = postSolution
		SolutionGuid = {588A37F2-17B6-4342-8362-F1973716780A}
	EndGlobalSection
EndGlobal
