
Microsoft Visual Studio Solution File, Format Version 12.00
# Visual Studio Version 16
VisualStudioVersion = 16.0.32126.315
MinimumVisualStudioVersion = 10.0.40219.1
Project("{FAE04EC0-301F-11D3-BF4B-00C04F79EFBC}") = "WinFormsApp1", "WinFormsApp1\WinFormsApp1.csproj", "{A17A2BDF-288A-486F-BB46-5A80B98AFB01}"
EndProject
Project("{2150E333-8FDC-42A3-9474-1A3956D46DE8}") = "Solution Items", "Solution Items", "{FC6003AD-D545-4327-A124-66C39C006E72}"
	ProjectSection(SolutionItems) = preProject
		dsnhanvien.xml = dsnhanvien.xml
	EndProjectSection
EndProject
Global
	GlobalSection(SolutionConfigurationPlatforms) = preSolution
		Debug|Any CPU = Debug|Any CPU
		Release|Any CPU = Release|Any CPU
	EndGlobalSection
	GlobalSection(ProjectConfigurationPlatforms) = postSolution
		{A17A2BDF-288A-486F-BB46-5A80B98AFB01}.Debug|Any CPU.ActiveCfg = Debug|Any CPU
		{A17A2BDF-288A-486F-BB46-5A80B98AFB01}.Debug|Any CPU.Build.0 = Debug|Any CPU
		{A17A2BDF-288A-486F-BB46-5A80B98AFB01}.Release|Any CPU.ActiveCfg = Release|Any CPU
		{A17A2BDF-288A-486F-BB46-5A80B98AFB01}.Release|Any CPU.Build.0 = Release|Any CPU
	EndGlobalSection
	GlobalSection(SolutionProperties) = preSolution
		HideSolutionNode = FALSE
	EndGlobalSection
	GlobalSection(ExtensibilityGlobals) = postSolution
		SolutionGuid = {56E90319-73F3-46B5-9F3D-16B0CCED0337}
	EndGlobalSection
EndGlobal
