
Microsoft Visual Studio Solution File, Format Version 12.00
# Visual Studio Version 16
VisualStudioVersion = 16.0.32126.315
MinimumVisualStudioVersion = 10.0.40219.1
Project("{FAE04EC0-301F-11D3-BF4B-00C04F79EFBC}") = "bai1", "bai1\bai1.csproj", "{1D217BB9-77CE-419C-9860-75FAEB0AE5D1}"
EndProject
Global
	GlobalSection(SolutionConfigurationPlatforms) = preSolution
		Debug|Any CPU = Debug|Any CPU
		Release|Any CPU = Release|Any CPU
	EndGlobalSection
	GlobalSection(ProjectConfigurationPlatforms) = postSolution
		{1D217BB9-77CE-419C-9860-75FAEB0AE5D1}.Debug|Any CPU.ActiveCfg = Debug|Any CPU
		{1D217BB9-77CE-419C-9860-75FAEB0AE5D1}.Debug|Any CPU.Build.0 = Debug|Any CPU
		{1D217BB9-77CE-419C-9860-75FAEB0AE5D1}.Release|Any CPU.ActiveCfg = Release|Any CPU
		{1D217BB9-77CE-419C-9860-75FAEB0AE5D1}.Release|Any CPU.Build.0 = Release|Any CPU
	EndGlobalSection
	GlobalSection(SolutionProperties) = preSolution
		HideSolutionNode = FALSE
	EndGlobalSection
	GlobalSection(ExtensibilityGlobals) = postSolution
		SolutionGuid = {9A867692-F128-4B19-931C-EBEE1F0A5859}
	EndGlobalSection
EndGlobal
